
Microsoft Visual Studio Solution File, Format Version 12.00
# Visual Studio Version 17
VisualStudioVersion = 17.6.33815.320
MinimumVisualStudioVersion = 10.0.40219.1
Project("{9A19103F-16F7-4668-BE54-9A1E7A4F7556}") = "BL", "BL\BL.csproj", "{0335219C-9CD1-4332-9D5F-24DC2126B332}"
EndProject
Project("{9A19103F-16F7-4668-BE54-9A1E7A4F7556}") = "DL", "DL\DL.csproj", "{DA1A5243-75E7-4FAF-A3B6-CF2AF919F7BA}"
EndProject
Project("{9A19103F-16F7-4668-BE54-9A1E7A4F7556}") = "ML", "ML\ML.csproj", "{8D119C24-6BA4-4A6E-847D-367ECFA47918}"
EndProject
Project("{9A19103F-16F7-4668-BE54-9A1E7A4F7556}") = "PL", "PL\PL.csproj", "{DBF18E2F-83B0-4EFC-A5D1-470556369F52}"
EndProject
Project("{FAE04EC0-301F-11D3-BF4B-00C04F79EFBC}") = "PL_MVC", "PL_MVC\PL_MVC.csproj", "{126810D7-CB11-405A-B5D8-8E65BADFB191}"
EndProject
Global
	GlobalSection(SolutionConfigurationPlatforms) = preSolution
		Debug|Any CPU = Debug|Any CPU
		Release|Any CPU = Release|Any CPU
	EndGlobalSection
	GlobalSection(ProjectConfigurationPlatforms) = postSolution
		{0335219C-9CD1-4332-9D5F-24DC2126B332}.Debug|Any CPU.ActiveCfg = Debug|Any CPU
		{0335219C-9CD1-4332-9D5F-24DC2126B332}.Debug|Any CPU.Build.0 = Debug|Any CPU
		{0335219C-9CD1-4332-9D5F-24DC2126B332}.Release|Any CPU.ActiveCfg = Release|Any CPU
		{0335219C-9CD1-4332-9D5F-24DC2126B332}.Release|Any CPU.Build.0 = Release|Any CPU
		{DA1A5243-75E7-4FAF-A3B6-CF2AF919F7BA}.Debug|Any CPU.ActiveCfg = Debug|Any CPU
		{DA1A5243-75E7-4FAF-A3B6-CF2AF919F7BA}.Debug|Any CPU.Build.0 = Debug|Any CPU
		{DA1A5243-75E7-4FAF-A3B6-CF2AF919F7BA}.Release|Any CPU.ActiveCfg = Release|Any CPU
		{DA1A5243-75E7-4FAF-A3B6-CF2AF919F7BA}.Release|Any CPU.Build.0 = Release|Any CPU
		{8D119C24-6BA4-4A6E-847D-367ECFA47918}.Debug|Any CPU.ActiveCfg = Debug|Any CPU
		{8D119C24-6BA4-4A6E-847D-367ECFA47918}.Debug|Any CPU.Build.0 = Debug|Any CPU
		{8D119C24-6BA4-4A6E-847D-367ECFA47918}.Release|Any CPU.ActiveCfg = Release|Any CPU
		{8D119C24-6BA4-4A6E-847D-367ECFA47918}.Release|Any CPU.Build.0 = Release|Any CPU
		{DBF18E2F-83B0-4EFC-A5D1-470556369F52}.Debug|Any CPU.ActiveCfg = Debug|Any CPU
		{DBF18E2F-83B0-4EFC-A5D1-470556369F52}.Debug|Any CPU.Build.0 = Debug|Any CPU
		{DBF18E2F-83B0-4EFC-A5D1-470556369F52}.Release|Any CPU.ActiveCfg = Release|Any CPU
		{DBF18E2F-83B0-4EFC-A5D1-470556369F52}.Release|Any CPU.Build.0 = Release|Any CPU
		{126810D7-CB11-405A-B5D8-8E65BADFB191}.Debug|Any CPU.ActiveCfg = Debug|Any CPU
		{126810D7-CB11-405A-B5D8-8E65BADFB191}.Debug|Any CPU.Build.0 = Debug|Any CPU
		{126810D7-CB11-405A-B5D8-8E65BADFB191}.Release|Any CPU.ActiveCfg = Release|Any CPU
		{126810D7-CB11-405A-B5D8-8E65BADFB191}.Release|Any CPU.Build.0 = Release|Any CPU
	EndGlobalSection
	GlobalSection(SolutionProperties) = preSolution
		HideSolutionNode = FALSE
	EndGlobalSection
	GlobalSection(ExtensibilityGlobals) = postSolution
		SolutionGuid = {4D4F5741-76B3-4295-98DC-4013E1A63270}
	EndGlobalSection
EndGlobal
